github.com/go-webgpu/goffi v0.4.2 h1:cwSiwro2ndP7jfXYlsz3kbOk8mNaFsHGZ0Q0cszC9cU=
github.com/go-webgpu/goffi v0.4.2/go.mod h1:wfoxNsJkU+5RFbV1kNN1kunhc1lFHuJKK3zpgx08/uM=
github.com/gogpu/gputypes v0.3.0 h1:gcwxsBrcoCX19GqqqiV55wLv2iFwaybiOluKCb0hVrs=
github.com/gogpu/gputypes v0.3.0/go.mod h1:cnXrDMwTpWTvJLW1Vreop3PcT6a2YP/i3s91rPaOavw=
github.com/gogpu/naga v0.14.8 h1:xa4xHWiLvHLi+sWKuLRtrcO0Qpsc7pwwK+8tKzDLk74=
github.com/gogpu/naga v0.14.8/go.mod h1:15sQaHKkbqXcwTN+hHYGLsA0WBBnkmYzne/eF5p5WEg=
golang.org/x/sys v0.42.0 h1:omrd2nAlyT5ESRdCLYdm3+fMfNFE/+Rf4bDIQImRJeo=
golang.org/x/sys v0.42.0/go.mod h1:4GL1E5IUh+htKOUEOaiffhrAeqysfVGipDYzABqnCmw=
