github.com/go-webgpu/goffi v0.5.0 h1:EuvVRiRn9qAfCkYYXbHs9gz8NY+zv2/OA1N7gi56UVE=
github.com/go-webgpu/goffi v0.5.0/go.mod h1:wfoxNsJkU+5RFbV1kNN1kunhc1lFHuJKK3zpgx08/uM=
github.com/go-webgpu/webgpu v0.4.3 h1:dIBf7WgO/7VL2Cj7IFcq151rWqvSknsFe6k/+ZEEXEE=
github.com/go-webgpu/webgpu v0.4.3/go.mod h1:HNIBiaMJNdPeQd6hmHdQsXg4t4R99xVQybnoDGOShe0=
github.com/gogpu/gogpu v0.29.4 h1:DNu+JK3dKyqV1ed9zlZzgmHEQdG+0qbMJAk/1AKVc1Q=
github.com/gogpu/gogpu v0.29.4/go.mod h1:sNTQaGFgsiViixkRr7Cigu1toticVg54r0V1OW8nVH4=
github.com/gogpu/gpucontext v0.15.0 h1:LV1Ztvi14FD5FCQy9A+XP7OWRXtZNA/c8y201x7E70w=
github.com/gogpu/gpucontext v0.15.0/go.mod h1:6zwdmYXH5GQltoiHbb3WXVS/UJ5bFsCux0mXCVqGlzY=
github.com/gogpu/gputypes v0.5.0 h1:i2ED/9w6m6yLxf8XJT69/NIMSNTLO2y5F1LqvugCKIE=
github.com/gogpu/gputypes v0.5.0/go.mod h1:cnXrDMwTpWTvJLW1Vreop3PcT6a2YP/i3s91rPaOavw=
github.com/gogpu/naga v0.17.6 h1:Wh0MbP8wo9+eA1p8yKhDw8lvi+LykMzdJu4bGepstxg=
github.com/gogpu/naga v0.17.6/go.mod h1:15sQaHKkbqXcwTN+hHYGLsA0WBBnkmYzne/eF5p5WEg=
golang.org/x/sys v0.43.0 h1:Rlag2XtaFTxp19wS8MXlJwTvoh8ArU6ezoyFsMyCTNI=
golang.org/x/sys v0.43.0/go.mod h1:4GL1E5IUh+htKOUEOaiffhrAeqysfVGipDYzABqnCmw=
